
Microsoft Visual Studio Solution File, Format Version 12.00
# Visual Studio Version 17
VisualStudioVersion = 17.13.35818.85 d17.13
MinimumVisualStudioVersion = 10.0.40219.1
Project("{FAE04EC0-301F-11D3-BF4B-00C04F79EFBC}") = "O Ultimo portal", "O Ultimo portal\O Ultimo portal.csproj", "{2699A385-7847-43B6-8662-BCE0F3007785}"
EndProject
Global
	GlobalSection(SolutionConfigurationPlatforms) = preSolution
		Debug|Any CPU = Debug|Any CPU
		Release|Any CPU = Release|Any CPU
	EndGlobalSection
	GlobalSection(ProjectConfigurationPlatforms) = postSolution
		{2699A385-7847-43B6-8662-BCE0F3007785}.Debug|Any CPU.ActiveCfg = Debug|Any CPU
		{2699A385-7847-43B6-8662-BCE0F3007785}.Debug|Any CPU.Build.0 = Debug|Any CPU
		{2699A385-7847-43B6-8662-BCE0F3007785}.Release|Any CPU.ActiveCfg = Release|Any CPU
		{2699A385-7847-43B6-8662-BCE0F3007785}.Release|Any CPU.Build.0 = Release|Any CPU
	EndGlobalSection
	GlobalSection(SolutionProperties) = preSolution
		HideSolutionNode = FALSE
	EndGlobalSection
	GlobalSection(ExtensibilityGlobals) = postSolution
		SolutionGuid = {86F07048-5265-402B-90E9-4DE81FAB330F}
	EndGlobalSection
EndGlobal
